
Microsoft Visual Studio Solution File, Format Version 12.00
Project("{FAE04EC0-301F-11D3-BF4B-00C04F79EFBC}") = "ChessServer", "ChessServer\ChessServer.csproj", "{8C5C6C79-1F48-44E4-B5AD-127D643E4484}"
EndProject
Project("{FAE04EC0-301F-11D3-BF4B-00C04F79EFBC}") = "ChessFrontend", "ChessFrontend\ChessFrontend.csproj", "{3EEA33D0-07F2-452D-8597-09A3B9AB73E7}"
EndProject
Project("{FAE04EC0-301F-11D3-BF4B-00C04F79EFBC}") = "Shared", "Shared\Shared.csproj", "{6742A117-D5B0-4F89-B586-4C11BCBEBFC2}"
EndProject
Project("{FAE04EC0-301F-11D3-BF4B-00C04F79EFBC}") = "IdentityLibrary", "IdentityLibrary\IdentityLibrary.csproj", "{1D391995-C09E-4C8D-A1F8-4736041EF1D6}"
EndProject
Project("{FAE04EC0-301F-11D3-BF4B-00C04F79EFBC}") = "TestChess", "TestChess\TestChess.csproj", "{EAAEC366-0348-4DA1-9F9A-E3F802DDCE23}"
EndProject
Global
	GlobalSection(SolutionConfigurationPlatforms) = preSolution
		Debug|Any CPU = Debug|Any CPU
		Release|Any CPU = Release|Any CPU
	EndGlobalSection
	GlobalSection(ProjectConfigurationPlatforms) = postSolution
		{8C5C6C79-1F48-44E4-B5AD-127D643E4484}.Debug|Any CPU.ActiveCfg = Debug|Any CPU
		{8C5C6C79-1F48-44E4-B5AD-127D643E4484}.Debug|Any CPU.Build.0 = Debug|Any CPU
		{8C5C6C79-1F48-44E4-B5AD-127D643E4484}.Release|Any CPU.ActiveCfg = Release|Any CPU
		{8C5C6C79-1F48-44E4-B5AD-127D643E4484}.Release|Any CPU.Build.0 = Release|Any CPU
		{3EEA33D0-07F2-452D-8597-09A3B9AB73E7}.Debug|Any CPU.ActiveCfg = Debug|Any CPU
		{3EEA33D0-07F2-452D-8597-09A3B9AB73E7}.Debug|Any CPU.Build.0 = Debug|Any CPU
		{3EEA33D0-07F2-452D-8597-09A3B9AB73E7}.Release|Any CPU.ActiveCfg = Release|Any CPU
		{3EEA33D0-07F2-452D-8597-09A3B9AB73E7}.Release|Any CPU.Build.0 = Release|Any CPU
		{6742A117-D5B0-4F89-B586-4C11BCBEBFC2}.Debug|Any CPU.ActiveCfg = Debug|Any CPU
		{6742A117-D5B0-4F89-B586-4C11BCBEBFC2}.Debug|Any CPU.Build.0 = Debug|Any CPU
		{6742A117-D5B0-4F89-B586-4C11BCBEBFC2}.Release|Any CPU.ActiveCfg = Release|Any CPU
		{6742A117-D5B0-4F89-B586-4C11BCBEBFC2}.Release|Any CPU.Build.0 = Release|Any CPU
		{1D391995-C09E-4C8D-A1F8-4736041EF1D6}.Debug|Any CPU.ActiveCfg = Debug|Any CPU
		{1D391995-C09E-4C8D-A1F8-4736041EF1D6}.Debug|Any CPU.Build.0 = Debug|Any CPU
		{1D391995-C09E-4C8D-A1F8-4736041EF1D6}.Release|Any CPU.ActiveCfg = Release|Any CPU
		{1D391995-C09E-4C8D-A1F8-4736041EF1D6}.Release|Any CPU.Build.0 = Release|Any CPU
		{EAAEC366-0348-4DA1-9F9A-E3F802DDCE23}.Debug|Any CPU.ActiveCfg = Debug|Any CPU
		{EAAEC366-0348-4DA1-9F9A-E3F802DDCE23}.Debug|Any CPU.Build.0 = Debug|Any CPU
		{EAAEC366-0348-4DA1-9F9A-E3F802DDCE23}.Release|Any CPU.ActiveCfg = Release|Any CPU
		{EAAEC366-0348-4DA1-9F9A-E3F802DDCE23}.Release|Any CPU.Build.0 = Release|Any CPU
	EndGlobalSection
EndGlobal
